
Microsoft Visual Studio Solution File, Format Version 12.00
# Visual Studio Version 17
VisualStudioVersion = 17.12.35707.178
MinimumVisualStudioVersion = 10.0.40219.1
Project("{2150E333-8FDC-42A3-9474-1A3956D46DE8}") = "src", "src", "{154D37CF-ADD4-4F02-9DE5-7DC036CC17EB}"
EndProject
Project("{FAE04EC0-301F-11D3-BF4B-00C04F79EFBC}") = "finefin.Domain", "src\finefin.Domain\finefin.Domain.csproj", "{7F6B0146-880E-4932-87B0-43F80B24AFE8}"
EndProject
Project("{FAE04EC0-301F-11D3-BF4B-00C04F79EFBC}") = "finefin.Infrastructure", "src\finefin.Infrastructure\finefin.Infrastructure.csproj", "{2C20056C-2B9C-45AB-8C50-2C4614BA61EB}"
EndProject
Project("{FAE04EC0-301F-11D3-BF4B-00C04F79EFBC}") = "finefin.Application", "src\finefin.Application\finefin.Application.csproj", "{4A1CEBAE-C43F-4570-B805-13D2EB2845AA}"
EndProject
Project("{FAE04EC0-301F-11D3-BF4B-00C04F79EFBC}") = "finefin.WebAPI", "src\finefin.WebAPI\finefin.WebAPI.csproj", "{0B53D1F7-EBD6-4D9E-AC72-EF819810FD00}"
EndProject
Project("{FAE04EC0-301F-11D3-BF4B-00C04F79EFBC}") = "finefin.Tests", "src\finefin.Tests\finefin.Tests.csproj", "{EE2C352D-C7EE-4BDE-B3DE-1B1B87CB6FDE}"
EndProject
Project("{FAE04EC0-301F-11D3-BF4B-00C04F79EFBC}") = "finefin.Shared", "src\finefin.Shared\finefin.Shared.csproj", "{B1C3D4CA-4684-4B81-A2B1-9150075AAE42}"
EndProject
Global
	GlobalSection(SolutionConfigurationPlatforms) = preSolution
		Debug|Any CPU = Debug|Any CPU
		Release|Any CPU = Release|Any CPU
	EndGlobalSection
	GlobalSection(ProjectConfigurationPlatforms) = postSolution
		{7F6B0146-880E-4932-87B0-43F80B24AFE8}.Debug|Any CPU.ActiveCfg = Debug|Any CPU
		{7F6B0146-880E-4932-87B0-43F80B24AFE8}.Debug|Any CPU.Build.0 = Debug|Any CPU
		{7F6B0146-880E-4932-87B0-43F80B24AFE8}.Release|Any CPU.ActiveCfg = Release|Any CPU
		{7F6B0146-880E-4932-87B0-43F80B24AFE8}.Release|Any CPU.Build.0 = Release|Any CPU
		{2C20056C-2B9C-45AB-8C50-2C4614BA61EB}.Debug|Any CPU.ActiveCfg = Debug|Any CPU
		{2C20056C-2B9C-45AB-8C50-2C4614BA61EB}.Debug|Any CPU.Build.0 = Debug|Any CPU
		{2C20056C-2B9C-45AB-8C50-2C4614BA61EB}.Release|Any CPU.ActiveCfg = Release|Any CPU
		{2C20056C-2B9C-45AB-8C50-2C4614BA61EB}.Release|Any CPU.Build.0 = Release|Any CPU
		{4A1CEBAE-C43F-4570-B805-13D2EB2845AA}.Debug|Any CPU.ActiveCfg = Debug|Any CPU
		{4A1CEBAE-C43F-4570-B805-13D2EB2845AA}.Debug|Any CPU.Build.0 = Debug|Any CPU
		{4A1CEBAE-C43F-4570-B805-13D2EB2845AA}.Release|Any CPU.ActiveCfg = Release|Any CPU
		{4A1CEBAE-C43F-4570-B805-13D2EB2845AA}.Release|Any CPU.Build.0 = Release|Any CPU
		{0B53D1F7-EBD6-4D9E-AC72-EF819810FD00}.Debug|Any CPU.ActiveCfg = Debug|Any CPU
		{0B53D1F7-EBD6-4D9E-AC72-EF819810FD00}.Debug|Any CPU.Build.0 = Debug|Any CPU
		{0B53D1F7-EBD6-4D9E-AC72-EF819810FD00}.Release|Any CPU.ActiveCfg = Release|Any CPU
		{0B53D1F7-EBD6-4D9E-AC72-EF819810FD00}.Release|Any CPU.Build.0 = Release|Any CPU
		{EE2C352D-C7EE-4BDE-B3DE-1B1B87CB6FDE}.Debug|Any CPU.ActiveCfg = Debug|Any CPU
		{EE2C352D-C7EE-4BDE-B3DE-1B1B87CB6FDE}.Debug|Any CPU.Build.0 = Debug|Any CPU
		{EE2C352D-C7EE-4BDE-B3DE-1B1B87CB6FDE}.Release|Any CPU.ActiveCfg = Release|Any CPU
		{EE2C352D-C7EE-4BDE-B3DE-1B1B87CB6FDE}.Release|Any CPU.Build.0 = Release|Any CPU
		{B1C3D4CA-4684-4B81-A2B1-9150075AAE42}.Debug|Any CPU.ActiveCfg = Debug|Any CPU
		{B1C3D4CA-4684-4B81-A2B1-9150075AAE42}.Debug|Any CPU.Build.0 = Debug|Any CPU
		{B1C3D4CA-4684-4B81-A2B1-9150075AAE42}.Release|Any CPU.ActiveCfg = Release|Any CPU
		{B1C3D4CA-4684-4B81-A2B1-9150075AAE42}.Release|Any CPU.Build.0 = Release|Any CPU
	EndGlobalSection
	GlobalSection(SolutionProperties) = preSolution
		HideSolutionNode = FALSE
	EndGlobalSection
	GlobalSection(NestedProjects) = preSolution
		{7F6B0146-880E-4932-87B0-43F80B24AFE8} = {154D37CF-ADD4-4F02-9DE5-7DC036CC17EB}
		{2C20056C-2B9C-45AB-8C50-2C4614BA61EB} = {154D37CF-ADD4-4F02-9DE5-7DC036CC17EB}
		{4A1CEBAE-C43F-4570-B805-13D2EB2845AA} = {154D37CF-ADD4-4F02-9DE5-7DC036CC17EB}
		{0B53D1F7-EBD6-4D9E-AC72-EF819810FD00} = {154D37CF-ADD4-4F02-9DE5-7DC036CC17EB}
		{EE2C352D-C7EE-4BDE-B3DE-1B1B87CB6FDE} = {154D37CF-ADD4-4F02-9DE5-7DC036CC17EB}
		{B1C3D4CA-4684-4B81-A2B1-9150075AAE42} = {154D37CF-ADD4-4F02-9DE5-7DC036CC17EB}
	EndGlobalSection
	GlobalSection(ExtensibilityGlobals) = postSolution
		SolutionGuid = {EC0BD5C2-0BB4-419C-90FB-DE4A98D9C1AD}
	EndGlobalSection
EndGlobal
